// !$*UTF8*$!
{
	archiveVersion = 1;
	classes = {
	};
	objectVersion = 56;
	objects = {

/* Begin PBXBuildFile section */
		4412A6AC29F9F212008533E2 /* LandmarksApp.swift in Sources */ = {isa = PBXBuildFile; fileRef = 4412A6AB29F9F212008533E2 /* LandmarksApp.swift */; };
		4412A6AE29F9F212008533E2 /* ContentView.swift in Sources */ = {isa = PBXBuildFile; fileRef = 4412A6AD29F9F212008533E2 /* ContentView.swift */; };
		4412A6B029F9F213008533E2 /* Assets.xcassets in Resources */ = {isa = PBXBuildFile; fileRef = 4412A6AF29F9F213008533E2 /* Assets.xcassets */; };
		4412A6B329F9F213008533E2 /* Preview Assets.xcassets in Resources */ = {isa = PBXBuildFile; fileRef = 4412A6B229F9F213008533E2 /* Preview Assets.xcassets */; };
		443DD9D02A0780D00041646B /* PageView.swift in Sources */ = {isa = PBXBuildFile; fileRef = 443DD9CC2A0780D00041646B /* PageView.swift */; };
		443DD9D12A0780D00041646B /* FeatureCard.swift in Sources */ = {isa = PBXBuildFile; fileRef = 443DD9CD2A0780D00041646B /* FeatureCard.swift */; };
		443DD9D22A0780D00041646B /* PageViewController.swift in Sources */ = {isa = PBXBuildFile; fileRef = 443DD9CE2A0780D00041646B /* PageViewController.swift */; };
		443DD9D32A0780D00041646B /* PageControl.swift in Sources */ = {isa = PBXBuildFile; fileRef = 443DD9CF2A0780D00041646B /* PageControl.swift */; };
		445DD46C2A02556500754ACA /* FavoriteButton.swift in Sources */ = {isa = PBXBuildFile; fileRef = 445DD46B2A02556500754ACA /* FavoriteButton.swift */; };
		445DD4702A03FC2900754ACA /* BadgeBackground.swift in Sources */ = {isa = PBXBuildFile; fileRef = 445DD46F2A03FC2900754ACA /* BadgeBackground.swift */; };
		445DD4722A03FFC400754ACA /* HexagonParameters.swift in Sources */ = {isa = PBXBuildFile; fileRef = 445DD4712A03FFC400754ACA /* HexagonParameters.swift */; };
		445DD4742A04040300754ACA /* BadgeSymbol.swift in Sources */ = {isa = PBXBuildFile; fileRef = 445DD4732A04040300754ACA /* BadgeSymbol.swift */; };
		445DD4762A0404A900754ACA /* RotatedBadgeSymbol.swift in Sources */ = {isa = PBXBuildFile; fileRef = 445DD4752A0404A900754ACA /* RotatedBadgeSymbol.swift */; };
		445DD4782A0405FF00754ACA /* Badge.swift in Sources */ = {isa = PBXBuildFile; fileRef = 445DD4772A0405FF00754ACA /* Badge.swift */; };
		445DD47B2A040C6D00754ACA /* hikeData.json in Resources */ = {isa = PBXBuildFile; fileRef = 445DD47A2A040C6C00754ACA /* hikeData.json */; };
		445DD47D2A040C9100754ACA /* Hike.swift in Sources */ = {isa = PBXBuildFile; fileRef = 445DD47C2A040C9100754ACA /* Hike.swift */; };
		445DD4832A040D0700754ACA /* GraphCapsule.swift in Sources */ = {isa = PBXBuildFile; fileRef = 445DD47F2A040D0700754ACA /* GraphCapsule.swift */; };
		445DD4842A040D0700754ACA /* HikeGraph.swift in Sources */ = {isa = PBXBuildFile; fileRef = 445DD4802A040D0700754ACA /* HikeGraph.swift */; };
		445DD4852A040D0700754ACA /* HikeDetail.swift in Sources */ = {isa = PBXBuildFile; fileRef = 445DD4812A040D0700754ACA /* HikeDetail.swift */; };
		445DD4862A040D0700754ACA /* HikeView.swift in Sources */ = {isa = PBXBuildFile; fileRef = 445DD4822A040D0700754ACA /* HikeView.swift */; };
		445DD4892A04BFF400754ACA /* CategoryHome.swift in Sources */ = {isa = PBXBuildFile; fileRef = 445DD4882A04BFF400754ACA /* CategoryHome.swift */; };
		445DD48B2A04C13500754ACA /* CategoryRow.swift in Sources */ = {isa = PBXBuildFile; fileRef = 445DD48A2A04C13500754ACA /* CategoryRow.swift */; };
		445DD48D2A04C1E000754ACA /* CategoryItem.swift in Sources */ = {isa = PBXBuildFile; fileRef = 445DD48C2A04C1E000754ACA /* CategoryItem.swift */; };
		445DD48F2A04CB1600754ACA /* Profile.swift in Sources */ = {isa = PBXBuildFile; fileRef = 445DD48E2A04CB1600754ACA /* Profile.swift */; };
		445DD4922A04CC7A00754ACA /* ProfileHost.swift in Sources */ = {isa = PBXBuildFile; fileRef = 445DD4912A04CC7A00754ACA /* ProfileHost.swift */; };
		445DD4942A04CCDD00754ACA /* ProfileSummary.swift in Sources */ = {isa = PBXBuildFile; fileRef = 445DD4932A04CCDD00754ACA /* ProfileSummary.swift */; };
		445DD4962A04CE9300754ACA /* HikeBadge.swift in Sources */ = {isa = PBXBuildFile; fileRef = 445DD4952A04CE9300754ACA /* HikeBadge.swift */; };
		445DD4982A04D22B00754ACA /* ProfileEditor.swift in Sources */ = {isa = PBXBuildFile; fileRef = 445DD4972A04D22B00754ACA /* ProfileEditor.swift */; };
		445DD4B52A051AF200754ACA /* ContentView.swift in Sources */ = {isa = PBXBuildFile; fileRef = 445DD4B42A051AF200754ACA /* ContentView.swift */; };
		445DD4B72A051AF300754ACA /* Assets.xcassets in Resources */ = {isa = PBXBuildFile; fileRef = 445DD4B62A051AF300754ACA /* Assets.xcassets */; };
		445DD4BA2A051AF300754ACA /* Preview Assets.xcassets in Resources */ = {isa = PBXBuildFile; fileRef = 445DD4B92A051AF300754ACA /* Preview Assets.xcassets */; };
		445DD4BD2A051AF300754ACA /* WatchLandmarks Watch App.app in Embed Watch Content */ = {isa = PBXBuildFile; fileRef = 445DD4B02A051AF200754ACA /* WatchLandmarks Watch App.app */; settings = {ATTRIBUTES = (RemoveHeadersOnCopy, ); }; };
		445DD4C22A051BE000754ACA /* hikeData.json in Resources */ = {isa = PBXBuildFile; fileRef = 445DD47A2A040C6C00754ACA /* hikeData.json */; };
		445DD4C32A051BE000754ACA /* landmarkData.json in Resources */ = {isa = PBXBuildFile; fileRef = 44C85B102A00FC9D00838A13 /* landmarkData.json */; };
		445DD4C42A051BE000754ACA /* Assets.xcassets in Resources */ = {isa = PBXBuildFile; fileRef = 4412A6AF29F9F213008533E2 /* Assets.xcassets */; };
		445DD4C52A051BE000754ACA /* LandmarkRow.swift in Sources */ = {isa = PBXBuildFile; fileRef = 44C85B182A014BF200838A13 /* LandmarkRow.swift */; };
		445DD4C62A051BE000754ACA /* Landmark.swift in Sources */ = {isa = PBXBuildFile; fileRef = 44C85B122A00FCE800838A13 /* Landmark.swift */; };
		445DD4C72A051BE000754ACA /* MapView.swift in Sources */ = {isa = PBXBuildFile; fileRef = 44880CF92A00C952008D7A84 /* MapView.swift */; };
		445DD4C82A051BE000754ACA /* ModelData.swift in Sources */ = {isa = PBXBuildFile; fileRef = 44C85B142A01001900838A13 /* ModelData.swift */; };
		445DD4C92A051BE000754ACA /* Hike.swift in Sources */ = {isa = PBXBuildFile; fileRef = 445DD47C2A040C9100754ACA /* Hike.swift */; };
		445DD4CA2A051BE000754ACA /* LandmarksApp.swift in Sources */ = {isa = PBXBuildFile; fileRef = 4412A6AB29F9F212008533E2 /* LandmarksApp.swift */; };
		445DD4CB2A051BE000754ACA /* CircleImage.swift in Sources */ = {isa = PBXBuildFile; fileRef = 44880CF729FFB57D008D7A84 /* CircleImage.swift */; };
		445DD4CD2A051BE000754ACA /* Profile.swift in Sources */ = {isa = PBXBuildFile; fileRef = 445DD48E2A04CB1600754ACA /* Profile.swift */; };
		445DD4D12A051C6400754ACA /* LandmarkDetail.swift in Sources */ = {isa = PBXBuildFile; fileRef = 445DD4D02A051C6400754ACA /* LandmarkDetail.swift */; };
		445DD4D32A051DF700754ACA /* NotificationView.swift in Sources */ = {isa = PBXBuildFile; fileRef = 445DD4D22A051DF700754ACA /* NotificationView.swift */; };
		445DD4D52A051E5000754ACA /* NotificationController.swift in Sources */ = {isa = PBXBuildFile; fileRef = 445DD4D42A051E5000754ACA /* NotificationController.swift */; };
		445DD4D82A051F9E00754ACA /* PushNotificationPayload.apns in Resources */ = {isa = PBXBuildFile; fileRef = 445DD4D72A051F9E00754ACA /* PushNotificationPayload.apns */; };
		445DD4E22A052B9500754ACA /* ContentView.swift in Sources */ = {isa = PBXBuildFile; fileRef = 445DD4E12A052B9500754ACA /* ContentView.swift */; };
		445DD4E72A052B9600754ACA /* Preview Assets.xcassets in Resources */ = {isa = PBXBuildFile; fileRef = 445DD4E62A052B9600754ACA /* Preview Assets.xcassets */; };
		445DD4EC2A052C3100754ACA /* ModelData.swift in Sources */ = {isa = PBXBuildFile; fileRef = 44C85B142A01001900838A13 /* ModelData.swift */; };
		445DD4ED2A052C3100754ACA /* Landmark.swift in Sources */ = {isa = PBXBuildFile; fileRef = 44C85B122A00FCE800838A13 /* Landmark.swift */; };
		445DD4EE2A052C3100754ACA /* landmarkData.json in Resources */ = {isa = PBXBuildFile; fileRef = 44C85B102A00FC9D00838A13 /* landmarkData.json */; };
		445DD4EF2A052C3100754ACA /* Profile.swift in Sources */ = {isa = PBXBuildFile; fileRef = 445DD48E2A04CB1600754ACA /* Profile.swift */; };
		445DD4F02A052C3100754ACA /* FavoriteButton.swift in Sources */ = {isa = PBXBuildFile; fileRef = 445DD46B2A02556500754ACA /* FavoriteButton.swift */; };
		445DD4F12A052C3100754ACA /* MapView.swift in Sources */ = {isa = PBXBuildFile; fileRef = 44880CF92A00C952008D7A84 /* MapView.swift */; };
		445DD4F22A052C3100754ACA /* LandmarksApp.swift in Sources */ = {isa = PBXBuildFile; fileRef = 4412A6AB29F9F212008533E2 /* LandmarksApp.swift */; };
		445DD4F32A052C3100754ACA /* CircleImage.swift in Sources */ = {isa = PBXBuildFile; fileRef = 44880CF729FFB57D008D7A84 /* CircleImage.swift */; };
		445DD4F42A052C3100754ACA /* LandmarkRow.swift in Sources */ = {isa = PBXBuildFile; fileRef = 44C85B182A014BF200838A13 /* LandmarkRow.swift */; };
		445DD4F52A052C3100754ACA /* Hike.swift in Sources */ = {isa = PBXBuildFile; fileRef = 445DD47C2A040C9100754ACA /* Hike.swift */; };
		445DD4F62A052C3100754ACA /* LandmarkList.swift in Sources */ = {isa = PBXBuildFile; fileRef = 44C85B1A2A021A7000838A13 /* LandmarkList.swift */; };
		445DD4F72A052C3100754ACA /* hikeData.json in Resources */ = {isa = PBXBuildFile; fileRef = 445DD47A2A040C6C00754ACA /* hikeData.json */; };
		445DD4F82A052C3100754ACA /* Assets.xcassets in Resources */ = {isa = PBXBuildFile; fileRef = 4412A6AF29F9F213008533E2 /* Assets.xcassets */; };
		445DD4FA2A052D8E00754ACA /* LandmarkDetail.swift in Sources */ = {isa = PBXBuildFile; fileRef = 445DD4F92A052D8E00754ACA /* LandmarkDetail.swift */; };
		445DD4FC2A05301400754ACA /* Assets.xcassets in Resources */ = {isa = PBXBuildFile; fileRef = 445DD4FB2A05301400754ACA /* Assets.xcassets */; };
		445DD4FE2A05308800754ACA /* LandmarkCommands.swift in Sources */ = {isa = PBXBuildFile; fileRef = 445DD4FD2A05308800754ACA /* LandmarkCommands.swift */; };
		445DD4FF2A05308B00754ACA /* LandmarkCommands.swift in Sources */ = {isa = PBXBuildFile; fileRef = 445DD4FD2A05308800754ACA /* LandmarkCommands.swift */; };
		445DD5012A0531A200754ACA /* LandmarkSettings.swift in Sources */ = {isa = PBXBuildFile; fileRef = 445DD5002A0531A200754ACA /* LandmarkSettings.swift */; };
		445DD5032A05326E00754ACA /* LandmarkList.swift in Sources */ = {isa = PBXBuildFile; fileRef = 445DD5022A05326E00754ACA /* LandmarkList.swift */; };
		44880CF829FFB57D008D7A84 /* CircleImage.swift in Sources */ = {isa = PBXBuildFile; fileRef = 44880CF729FFB57D008D7A84 /* CircleImage.swift */; };
		44880CFA2A00C952008D7A84 /* MapView.swift in Sources */ = {isa = PBXBuildFile; fileRef = 44880CF92A00C952008D7A84 /* MapView.swift */; };
		44C85B112A00FC9D00838A13 /* landmarkData.json in Resources */ = {isa = PBXBuildFile; fileRef = 44C85B102A00FC9D00838A13 /* landmarkData.json */; };
		44C85B132A00FCE800838A13 /* Landmark.swift in Sources */ = {isa = PBXBuildFile; fileRef = 44C85B122A00FCE800838A13 /* Landmark.swift */; };
		44C85B152A01001900838A13 /* ModelData.swift in Sources */ = {isa = PBXBuildFile; fileRef = 44C85B142A01001900838A13 /* ModelData.swift */; };
		44C85B192A014BF300838A13 /* LandmarkRow.swift in Sources */ = {isa = PBXBuildFile; fileRef = 44C85B182A014BF200838A13 /* LandmarkRow.swift */; };
		44C85B1B2A021A7000838A13 /* LandmarkList.swift in Sources */ = {isa = PBXBuildFile; fileRef = 44C85B1A2A021A7000838A13 /* LandmarkList.swift */; };
		44C85B1D2A02275200838A13 /* LandmarkDetail.swift in Sources */ = {isa = PBXBuildFile; fileRef = 44C85B1C2A02275200838A13 /* LandmarkDetail.swift */; };
/* End PBXBuildFile section */

/* Begin PBXContainerItemProxy section */
		445DD4BB2A051AF300754ACA /* PBXContainerItemProxy */ = {
			isa = PBXContainerItemProxy;
			containerPortal = 4412A6A029F9F212008533E2 /* Project object */;
			proxyType = 1;
			remoteGlobalIDString = 445DD4AF2A051AF200754ACA;
			remoteInfo = "WatchLandmarks Watch App";
		};
/* End PBXContainerItemProxy section */

/* Begin PBXCopyFilesBuildPhase section */
		445DD4BE2A051AF400754ACA /* Embed Watch Content */ = {
			isa = PBXCopyFilesBuildPhase;
			buildActionMask = 2147483647;
			dstPath = "$(CONTENTS_FOLDER_PATH)/Watch";
			dstSubfolderSpec = 16;
			files = (
				445DD4BD2A051AF300754ACA /* WatchLandmarks Watch App.app in Embed Watch Content */,
			);
			name = "Embed Watch Content";
			runOnlyForDeploymentPostprocessing = 0;
		};
/* End PBXCopyFilesBuildPhase section */

/* Begin PBXFileReference section */
		4412A6A829F9F212008533E2 /* Landmarks.app */ = {isa = PBXFileReference; explicitFileType = wrapper.application; includeInIndex = 0; path = Landmarks.app; sourceTree = BUILT_PRODUCTS_DIR; };
		4412A6AB29F9F212008533E2 /* LandmarksApp.swift */ = {isa = PBXFileReference; lastKnownFileType = sourcecode.swift; path = LandmarksApp.swift; sourceTree = "<group>"; };
		4412A6AD29F9F212008533E2 /* ContentView.swift */ = {isa = PBXFileReference; lastKnownFileType = sourcecode.swift; path = ContentView.swift; sourceTree = "<group>"; };
		4412A6AF29F9F213008533E2 /* Assets.xcassets */ = {isa = PBXFileReference; lastKnownFileType = folder.assetcatalog; path = Assets.xcassets; sourceTree = "<group>"; };
		4412A6B229F9F213008533E2 /* Preview Assets.xcassets */ = {isa = PBXFileReference; lastKnownFileType = folder.assetcatalog; path = "Preview Assets.xcassets"; sourceTree = "<group>"; };
		443DD9CC2A0780D00041646B /* PageView.swift */ = {isa = PBXFileReference; fileEncoding = 4; lastKnownFileType = sourcecode.swift; path = PageView.swift; sourceTree = "<group>"; };
		443DD9CD2A0780D00041646B /* FeatureCard.swift */ = {isa = PBXFileReference; fileEncoding = 4; lastKnownFileType = sourcecode.swift; path = FeatureCard.swift; sourceTree = "<group>"; };
		443DD9CE2A0780D00041646B /* PageViewController.swift */ = {isa = PBXFileReference; fileEncoding = 4; lastKnownFileType = sourcecode.swift; path = PageViewController.swift; sourceTree = "<group>"; };
		443DD9CF2A0780D00041646B /* PageControl.swift */ = {isa = PBXFileReference; fileEncoding = 4; lastKnownFileType = sourcecode.swift; path = PageControl.swift; sourceTree = "<group>"; };
		445DD46B2A02556500754ACA /* FavoriteButton.swift */ = {isa = PBXFileReference; lastKnownFileType = sourcecode.swift; path = FavoriteButton.swift; sourceTree = "<group>"; };
		445DD46F2A03FC2900754ACA /* BadgeBackground.swift */ = {isa = PBXFileReference; lastKnownFileType = sourcecode.swift; path = BadgeBackground.swift; sourceTree = "<group>"; };
		445DD4712A03FFC400754ACA /* HexagonParameters.swift */ = {isa = PBXFileReference; lastKnownFileType = sourcecode.swift; path = HexagonParameters.swift; sourceTree = "<group>"; };
		445DD4732A04040300754ACA /* BadgeSymbol.swift */ = {isa = PBXFileReference; lastKnownFileType = sourcecode.swift; path = BadgeSymbol.swift; sourceTree = "<group>"; };
		445DD4752A0404A900754ACA /* RotatedBadgeSymbol.swift */ = {isa = PBXFileReference; lastKnownFileType = sourcecode.swift; path = RotatedBadgeSymbol.swift; sourceTree = "<group>"; };
		445DD4772A0405FF00754ACA /* Badge.swift */ = {isa = PBXFileReference; lastKnownFileType = sourcecode.swift; path = Badge.swift; sourceTree = "<group>"; };
		445DD47A2A040C6C00754ACA /* hikeData.json */ = {isa = PBXFileReference; fileEncoding = 4; lastKnownFileType = text.json; path = hikeData.json; sourceTree = "<group>"; };
		445DD47C2A040C9100754ACA /* Hike.swift */ = {isa = PBXFileReference; lastKnownFileType = sourcecode.swift; path = Hike.swift; sourceTree = "<group>"; };
		445DD47F2A040D0700754ACA /* GraphCapsule.swift */ = {isa = PBXFileReference; fileEncoding = 4; lastKnownFileType = sourcecode.swift; path = GraphCapsule.swift; sourceTree = "<group>"; };
		445DD4802A040D0700754ACA /* HikeGraph.swift */ = {isa = PBXFileReference; fileEncoding = 4; lastKnownFileType = sourcecode.swift; path = HikeGraph.swift; sourceTree = "<group>"; };
		445DD4812A040D0700754ACA /* HikeDetail.swift */ = {isa = PBXFileReference; fileEncoding = 4; lastKnownFileType = sourcecode.swift; path = HikeDetail.swift; sourceTree = "<group>"; };
		445DD4822A040D0700754ACA /* HikeView.swift */ = {isa = PBXFileReference; fileEncoding = 4; lastKnownFileType = sourcecode.swift; path = HikeView.swift; sourceTree = "<group>"; };
		445DD4882A04BFF400754ACA /* CategoryHome.swift */ = {isa = PBXFileReference; lastKnownFileType = sourcecode.swift; path = CategoryHome.swift; sourceTree = "<group>"; };
		445DD48A2A04C13500754ACA /* CategoryRow.swift */ = {isa = PBXFileReference; lastKnownFileType = sourcecode.swift; path = CategoryRow.swift; sourceTree = "<group>"; };
		445DD48C2A04C1E000754ACA /* CategoryItem.swift */ = {isa = PBXFileReference; lastKnownFileType = sourcecode.swift; path = CategoryItem.swift; sourceTree = "<group>"; };
		445DD48E2A04CB1600754ACA /* Profile.swift */ = {isa = PBXFileReference; lastKnownFileType = sourcecode.swift; path = Profile.swift; sourceTree = "<group>"; };
		445DD4912A04CC7A00754ACA /* ProfileHost.swift */ = {isa = PBXFileReference; lastKnownFileType = sourcecode.swift; path = ProfileHost.swift; sourceTree = "<group>"; };
		445DD4932A04CCDD00754ACA /* ProfileSummary.swift */ = {isa = PBXFileReference; lastKnownFileType = sourcecode.swift; path = ProfileSummary.swift; sourceTree = "<group>"; };
		445DD4952A04CE9300754ACA /* HikeBadge.swift */ = {isa = PBXFileReference; lastKnownFileType = sourcecode.swift; path = HikeBadge.swift; sourceTree = "<group>"; };
		445DD4972A04D22B00754ACA /* ProfileEditor.swift */ = {isa = PBXFileReference; lastKnownFileType = sourcecode.swift; path = ProfileEditor.swift; sourceTree = "<group>"; };
		445DD4B02A051AF200754ACA /* WatchLandmarks Watch App.app */ = {isa = PBXFileReference; explicitFileType = wrapper.application; includeInIndex = 0; path = "WatchLandmarks Watch App.app"; sourceTree = BUILT_PRODUCTS_DIR; };
		445DD4B42A051AF200754ACA /* ContentView.swift */ = {isa = PBXFileReference; lastKnownFileType = sourcecode.swift; path = ContentView.swift; sourceTree = "<group>"; };
		445DD4B62A051AF300754ACA /* Assets.xcassets */ = {isa = PBXFileReference; lastKnownFileType = folder.assetcatalog; path = Assets.xcassets; sourceTree = "<group>"; };
		445DD4B92A051AF300754ACA /* Preview Assets.xcassets */ = {isa = PBXFileReference; lastKnownFileType = folder.assetcatalog; path = "Preview Assets.xcassets"; sourceTree = "<group>"; };
		445DD4D02A051C6400754ACA /* LandmarkDetail.swift */ = {isa = PBXFileReference; lastKnownFileType = sourcecode.swift; path = LandmarkDetail.swift; sourceTree = "<group>"; };
		445DD4D22A051DF700754ACA /* NotificationView.swift */ = {isa = PBXFileReference; lastKnownFileType = sourcecode.swift; path = NotificationView.swift; sourceTree = "<group>"; };
		445DD4D42A051E5000754ACA /* NotificationController.swift */ = {isa = PBXFileReference; lastKnownFileType = sourcecode.swift; path = NotificationController.swift; sourceTree = "<group>"; };
		445DD4D72A051F9E00754ACA /* PushNotificationPayload.apns */ = {isa = PBXFileReference; fileEncoding = 4; lastKnownFileType = text; path = PushNotificationPayload.apns; sourceTree = "<group>"; };
		445DD4DD2A052B9500754ACA /* MacLandmarks.app */ = {isa = PBXFileReference; explicitFileType = wrapper.application; includeInIndex = 0; path = MacLandmarks.app; sourceTree = BUILT_PRODUCTS_DIR; };
		445DD4E12A052B9500754ACA /* ContentView.swift */ = {isa = PBXFileReference; lastKnownFileType = sourcecode.swift; path = ContentView.swift; sourceTree = "<group>"; };
		445DD4E62A052B9600754ACA /* Preview Assets.xcassets */ = {isa = PBXFileReference; lastKnownFileType = folder.assetcatalog; path = "Preview Assets.xcassets"; sourceTree = "<group>"; };
		445DD4E82A052B9600754ACA /* MacLandmarks.entitlements */ = {isa = PBXFileReference; lastKnownFileType = text.plist.entitlements; path = MacLandmarks.entitlements; sourceTree = "<group>"; };
		445DD4F92A052D8E00754ACA /* LandmarkDetail.swift */ = {isa = PBXFileReference; lastKnownFileType = sourcecode.swift; path = LandmarkDetail.swift; sourceTree = "<group>"; };
		445DD4FB2A05301400754ACA /* Assets.xcassets */ = {isa = PBXFileReference; lastKnownFileType = folder.assetcatalog; path = Assets.xcassets; sourceTree = "<group>"; };
		445DD4FD2A05308800754ACA /* LandmarkCommands.swift */ = {isa = PBXFileReference; lastKnownFileType = sourcecode.swift; path = LandmarkCommands.swift; sourceTree = "<group>"; };
		445DD5002A0531A200754ACA /* LandmarkSettings.swift */ = {isa = PBXFileReference; lastKnownFileType = sourcecode.swift; path = LandmarkSettings.swift; sourceTree = "<group>"; };
		445DD5022A05326E00754ACA /* LandmarkList.swift */ = {isa = PBXFileReference; lastKnownFileType = sourcecode.swift; path = LandmarkList.swift; sourceTree = "<group>"; };
		44880CF729FFB57D008D7A84 /* CircleImage.swift */ = {isa = PBXFileReference; lastKnownFileType = sourcecode.swift; path = CircleImage.swift; sourceTree = "<group>"; };
		44880CF92A00C952008D7A84 /* MapView.swift */ = {isa = PBXFileReference; lastKnownFileType = sourcecode.swift; path = MapView.swift; sourceTree = "<group>"; };
		44C85B102A00FC9D00838A13 /* landmarkData.json */ = {isa = PBXFileReference; fileEncoding = 4; lastKnownFileType = text.json; path = landmarkData.json; sourceTree = "<group>"; };
		44C85B122A00FCE800838A13 /* Landmark.swift */ = {isa = PBXFileReference; lastKnownFileType = sourcecode.swift; path = Landmark.swift; sourceTree = "<group>"; };
		44C85B142A01001900838A13 /* ModelData.swift */ = {isa = PBXFileReference; lastKnownFileType = sourcecode.swift; path = ModelData.swift; sourceTree = "<group>"; };
		44C85B182A014BF200838A13 /* LandmarkRow.swift */ = {isa = PBXFileReference; lastKnownFileType = sourcecode.swift; path = LandmarkRow.swift; sourceTree = "<group>"; };
		44C85B1A2A021A7000838A13 /* LandmarkList.swift */ = {isa = PBXFileReference; lastKnownFileType = sourcecode.swift; path = LandmarkList.swift; sourceTree = "<group>"; };
		44C85B1C2A02275200838A13 /* LandmarkDetail.swift */ = {isa = PBXFileReference; lastKnownFileType = sourcecode.swift; path = LandmarkDetail.swift; sourceTree = "<group>"; };
/* End PBXFileReference section */

/* Begin PBXFrameworksBuildPhase section */
		4412A6A529F9F212008533E2 /* Frameworks */ = {
			isa = PBXFrameworksBuildPhase;
			buildActionMask = 2147483647;
			files = (
			);
			runOnlyForDeploymentPostprocessing = 0;
		};
		445DD4AD2A051AF200754ACA /* Frameworks */ = {
			isa = PBXFrameworksBuildPhase;
			buildActionMask = 2147483647;
			files = (
			);
			runOnlyForDeploymentPostprocessing = 0;
		};
		445DD4DA2A052B9500754ACA /* Frameworks */ = {
			isa = PBXFrameworksBuildPhase;
			buildActionMask = 2147483647;
			files = (
			);
			runOnlyForDeploymentPostprocessing = 0;
		};
/* End PBXFrameworksBuildPhase section */

/* Begin PBXGroup section */
		4412A69F29F9F212008533E2 = {
			isa = PBXGroup;
			children = (
				4412A6AA29F9F212008533E2 /* Landmarks */,
				445DD4B12A051AF200754ACA /* WatchLandmarks Watch App */,
				445DD4DE2A052B9500754ACA /* MacLandmarks */,
				4412A6A929F9F212008533E2 /* Products */,
			);
			sourceTree = "<group>";
		};
		4412A6A929F9F212008533E2 /* Products */ = {
			isa = PBXGroup;
			children = (
				4412A6A829F9F212008533E2 /* Landmarks.app */,
				445DD4B02A051AF200754ACA /* WatchLandmarks Watch App.app */,
				445DD4DD2A052B9500754ACA /* MacLandmarks.app */,
			);
			name = Products;
			sourceTree = "<group>";
		};
		4412A6AA29F9F212008533E2 /* Landmarks */ = {
			isa = PBXGroup;
			children = (
				4412A6AB29F9F212008533E2 /* LandmarksApp.swift */,
				44C85B162A01028800838A13 /* Views */,
				44C85B172A01028F00838A13 /* Model */,
				44C85B0F2A00FC7D00838A13 /* Resources */,
				4412A6AF29F9F213008533E2 /* Assets.xcassets */,
				4412A6B129F9F213008533E2 /* Preview Content */,
			);
			path = Landmarks;
			sourceTree = "<group>";
		};
		4412A6B129F9F213008533E2 /* Preview Content */ = {
			isa = PBXGroup;
			children = (
				4412A6B229F9F213008533E2 /* Preview Assets.xcassets */,
			);
			path = "Preview Content";
			sourceTree = "<group>";
		};
		445DD46D2A02561800754ACA /* Landmarks */ = {
			isa = PBXGroup;
			children = (
				44C85B1A2A021A7000838A13 /* LandmarkList.swift */,
				44C85B182A014BF200838A13 /* LandmarkRow.swift */,
				44C85B1C2A02275200838A13 /* LandmarkDetail.swift */,
			);
			path = Landmarks;
			sourceTree = "<group>";
		};
		445DD46E2A02562F00754ACA /* Helpers */ = {
			isa = PBXGroup;
			children = (
				44880CF729FFB57D008D7A84 /* CircleImage.swift */,
				44880CF92A00C952008D7A84 /* MapView.swift */,
				445DD46B2A02556500754ACA /* FavoriteButton.swift */,
			);
			path = Helpers;
			sourceTree = "<group>";
		};
		445DD4792A0406B600754ACA /* Badges */ = {
			isa = PBXGroup;
			children = (
				445DD4772A0405FF00754ACA /* Badge.swift */,
				445DD46F2A03FC2900754ACA /* BadgeBackground.swift */,
				445DD4732A04040300754ACA /* BadgeSymbol.swift */,
				445DD4752A0404A900754ACA /* RotatedBadgeSymbol.swift */,
				445DD4712A03FFC400754ACA /* HexagonParameters.swift */,
			);
			path = Badges;
			sourceTree = "<group>";
		};
		445DD47E2A040D0700754ACA /* Hikes */ = {
			isa = PBXGroup;
			children = (
				445DD47F2A040D0700754ACA /* GraphCapsule.swift */,
				445DD4802A040D0700754ACA /* HikeGraph.swift */,
				445DD4812A040D0700754ACA /* HikeDetail.swift */,
				445DD4822A040D0700754ACA /* HikeView.swift */,
				445DD4952A04CE9300754ACA /* HikeBadge.swift */,
			);
			path = Hikes;
			sourceTree = "<group>";
		};
		445DD4872A04BFE500754ACA /* Categories */ = {
			isa = PBXGroup;
			children = (
				445DD4882A04BFF400754ACA /* CategoryHome.swift */,
				445DD48A2A04C13500754ACA /* CategoryRow.swift */,
				445DD48C2A04C1E000754ACA /* CategoryItem.swift */,
			);
			path = Categories;
			sourceTree = "<group>";
		};
		445DD4902A04CC5800754ACA /* Profiles */ = {
			isa = PBXGroup;
			children = (
				445DD4912A04CC7A00754ACA /* ProfileHost.swift */,
				445DD4932A04CCDD00754ACA /* ProfileSummary.swift */,
				445DD4972A04D22B00754ACA /* ProfileEditor.swift */,
			);
			path = Profiles;
			sourceTree = "<group>";
		};
		445DD4A32A04F1B200754ACA /* PageView */ = {
			isa = PBXGroup;
			children = (
				443DD9CC2A0780D00041646B /* PageView.swift */,
				443DD9CE2A0780D00041646B /* PageViewController.swift */,
				443DD9CF2A0780D00041646B /* PageControl.swift */,
				443DD9CD2A0780D00041646B /* FeatureCard.swift */,
			);
			path = PageView;
			sourceTree = "<group>";
		};
		445DD4B12A051AF200754ACA /* WatchLandmarks Watch App */ = {
			isa = PBXGroup;
			children = (
				445DD4B42A051AF200754ACA /* ContentView.swift */,
				445DD5022A05326E00754ACA /* LandmarkList.swift */,
				445DD4D02A051C6400754ACA /* LandmarkDetail.swift */,
				445DD4D22A051DF700754ACA /* NotificationView.swift */,
				445DD4D42A051E5000754ACA /* NotificationController.swift */,
				445DD4B62A051AF300754ACA /* Assets.xcassets */,
				445DD4D72A051F9E00754ACA /* PushNotificationPayload.apns */,
				445DD4B82A051AF300754ACA /* Preview Content */,
			);
			path = "WatchLandmarks Watch App";
			sourceTree = "<group>";
		};
		445DD4B82A051AF300754ACA /* Preview Content */ = {
			isa = PBXGroup;
			children = (
				445DD4B92A051AF300754ACA /* Preview Assets.xcassets */,
			);
			path = "Preview Content";
			sourceTree = "<group>";
		};
		445DD4DE2A052B9500754ACA /* MacLandmarks */ = {
			isa = PBXGroup;
			children = (
				445DD4E12A052B9500754ACA /* ContentView.swift */,
				445DD4F92A052D8E00754ACA /* LandmarkDetail.swift */,
				445DD4FD2A05308800754ACA /* LandmarkCommands.swift */,
				445DD5002A0531A200754ACA /* LandmarkSettings.swift */,
				445DD4E82A052B9600754ACA /* MacLandmarks.entitlements */,
				445DD4FB2A05301400754ACA /* Assets.xcassets */,
				445DD4E52A052B9600754ACA /* Preview Content */,
			);
			path = MacLandmarks;
			sourceTree = "<group>";
		};
		445DD4E52A052B9600754ACA /* Preview Content */ = {
			isa = PBXGroup;
			children = (
				445DD4E62A052B9600754ACA /* Preview Assets.xcassets */,
			);
			path = "Preview Content";
			sourceTree = "<group>";
		};
		44C85B0F2A00FC7D00838A13 /* Resources */ = {
			isa = PBXGroup;
			children = (
				44C85B102A00FC9D00838A13 /* landmarkData.json */,
				445DD47A2A040C6C00754ACA /* hikeData.json */,
			);
			path = Resources;
			sourceTree = "<group>";
		};
		44C85B162A01028800838A13 /* Views */ = {
			isa = PBXGroup;
			children = (
				4412A6AD29F9F212008533E2 /* ContentView.swift */,
				445DD46D2A02561800754ACA /* Landmarks */,
				445DD4792A0406B600754ACA /* Badges */,
				445DD47E2A040D0700754ACA /* Hikes */,
				445DD4872A04BFE500754ACA /* Categories */,
				445DD4902A04CC5800754ACA /* Profiles */,
				445DD4A32A04F1B200754ACA /* PageView */,
				445DD46E2A02562F00754ACA /* Helpers */,
			);
			path = Views;
			sourceTree = "<group>";
		};
		44C85B172A01028F00838A13 /* Model */ = {
			isa = PBXGroup;
			children = (
				44C85B122A00FCE800838A13 /* Landmark.swift */,
				44C85B142A01001900838A13 /* ModelData.swift */,
				445DD47C2A040C9100754ACA /* Hike.swift */,
				445DD48E2A04CB1600754ACA /* Profile.swift */,
			);
			path = Model;
			sourceTree = "<group>";
		};
/* End PBXGroup section */

/* Begin PBXNativeTarget section */
		4412A6A729F9F212008533E2 /* Landmarks */ = {
			isa = PBXNativeTarget;
			buildConfigurationList = 4412A6B629F9F213008533E2 /* Build configuration list for PBXNativeTarget "Landmarks" */;
			buildPhases = (
				4412A6A429F9F212008533E2 /* Sources */,
				4412A6A529F9F212008533E2 /* Frameworks */,
				4412A6A629F9F212008533E2 /* Resources */,
				445DD4BE2A051AF400754ACA /* Embed Watch Content */,
			);
			buildRules = (
			);
			dependencies = (
				445DD4BC2A051AF300754ACA /* PBXTargetDependency */,
			);
			name = Landmarks;
			productName = Landmarks;
			productReference = 4412A6A829F9F212008533E2 /* Landmarks.app */;
			productType = "com.apple.product-type.application";
		};
		445DD4AF2A051AF200754ACA /* WatchLandmarks Watch App */ = {
			isa = PBXNativeTarget;
			buildConfigurationList = 445DD4C12A051AF400754ACA /* Build configuration list for PBXNativeTarget "WatchLandmarks Watch App" */;
			buildPhases = (
				445DD4AC2A051AF200754ACA /* Sources */,
				445DD4AD2A051AF200754ACA /* Frameworks */,
				445DD4AE2A051AF200754ACA /* Resources */,
			);
			buildRules = (
			);
			dependencies = (
			);
			name = "WatchLandmarks Watch App";
			productName = "WatchLandmarks Watch App";
			productReference = 445DD4B02A051AF200754ACA /* WatchLandmarks Watch App.app */;
			productType = "com.apple.product-type.application";
		};
		445DD4DC2A052B9500754ACA /* MacLandmarks */ = {
			isa = PBXNativeTarget;
			buildConfigurationList = 445DD4EB2A052B9600754ACA /* Build configuration list for PBXNativeTarget "MacLandmarks" */;
			buildPhases = (
				445DD4D92A052B9500754ACA /* Sources */,
				445DD4DA2A052B9500754ACA /* Frameworks */,
				445DD4DB2A052B9500754ACA /* Resources */,
			);
			buildRules = (
			);
			dependencies = (
			);
			name = MacLandmarks;
			productName = MacLandmarks;
			productReference = 445DD4DD2A052B9500754ACA /* MacLandmarks.app */;
			productType = "com.apple.product-type.application";
		};
/* End PBXNativeTarget section */

/* Begin PBXProject section */
		4412A6A029F9F212008533E2 /* Project object */ = {
			isa = PBXProject;
			attributes = {
				BuildIndependentTargetsInParallel = 1;
				LastSwiftUpdateCheck = 1430;
				LastUpgradeCheck = 1420;
				TargetAttributes = {
					4412A6A729F9F212008533E2 = {
						CreatedOnToolsVersion = 14.2;
					};
					445DD4AF2A051AF200754ACA = {
						CreatedOnToolsVersion = 14.3;
					};
					445DD4DC2A052B9500754ACA = {
						CreatedOnToolsVersion = 14.3;
					};
				};
			};
			buildConfigurationList = 4412A6A329F9F212008533E2 /* Build configuration list for PBXProject "Landmarks" */;
			compatibilityVersion = "Xcode 14.0";
			developmentRegion = en;
			hasScannedForEncodings = 0;
			knownRegions = (
				en,
				Base,
			);
			mainGroup = 4412A69F29F9F212008533E2;
			productRefGroup = 4412A6A929F9F212008533E2 /* Products */;
			projectDirPath = "";
			projectRoot = "";
			targets = (
				4412A6A729F9F212008533E2 /* Landmarks */,
				445DD4AF2A051AF200754ACA /* WatchLandmarks Watch App */,
				445DD4DC2A052B9500754ACA /* MacLandmarks */,
			);
		};
/* End PBXProject section */

/* Begin PBXResourcesBuildPhase section */
		4412A6A629F9F212008533E2 /* Resources */ = {
			isa = PBXResourcesBuildPhase;
			buildActionMask = 2147483647;
			files = (
				445DD47B2A040C6D00754ACA /* hikeData.json in Resources */,
				4412A6B329F9F213008533E2 /* Preview Assets.xcassets in Resources */,
				4412A6B029F9F213008533E2 /* Assets.xcassets in Resources */,
				44C85B112A00FC9D00838A13 /* landmarkData.json in Resources */,
			);
			runOnlyForDeploymentPostprocessing = 0;
		};
		445DD4AE2A051AF200754ACA /* Resources */ = {
			isa = PBXResourcesBuildPhase;
			buildActionMask = 2147483647;
			files = (
				445DD4BA2A051AF300754ACA /* Preview Assets.xcassets in Resources */,
				445DD4C32A051BE000754ACA /* landmarkData.json in Resources */,
				445DD4C22A051BE000754ACA /* hikeData.json in Resources */,
				445DD4B72A051AF300754ACA /* Assets.xcassets in Resources */,
				445DD4C42A051BE000754ACA /* Assets.xcassets in Resources */,
				445DD4D82A051F9E00754ACA /* PushNotificationPayload.apns in Resources */,
			);
			runOnlyForDeploymentPostprocessing = 0;
		};
		445DD4DB2A052B9500754ACA /* Resources */ = {
			isa = PBXResourcesBuildPhase;
			buildActionMask = 2147483647;
			files = (
				445DD4F72A052C3100754ACA /* hikeData.json in Resources */,
				445DD4E72A052B9600754ACA /* Preview Assets.xcassets in Resources */,
				445DD4EE2A052C3100754ACA /* landmarkData.json in Resources */,
				445DD4F82A052C3100754ACA /* Assets.xcassets in Resources */,
				445DD4FC2A05301400754ACA /* Assets.xcassets in Resources */,
			);
			runOnlyForDeploymentPostprocessing = 0;
		};
/* End PBXResourcesBuildPhase section */

/* Begin PBXSourcesBuildPhase section */
		4412A6A429F9F212008533E2 /* Sources */ = {
			isa = PBXSourcesBuildPhase;
			buildActionMask = 2147483647;
			files = (
				445DD4962A04CE9300754ACA /* HikeBadge.swift in Sources */,
				445DD48B2A04C13500754ACA /* CategoryRow.swift in Sources */,
				445DD4FF2A05308B00754ACA /* LandmarkCommands.swift in Sources */,
				443DD9D32A0780D00041646B /* PageControl.swift in Sources */,
				445DD48F2A04CB1600754ACA /* Profile.swift in Sources */,
				445DD4722A03FFC400754ACA /* HexagonParameters.swift in Sources */,
				445DD4892A04BFF400754ACA /* CategoryHome.swift in Sources */,
				445DD4842A040D0700754ACA /* HikeGraph.swift in Sources */,
				445DD4782A0405FF00754ACA /* Badge.swift in Sources */,
				443DD9D12A0780D00041646B /* FeatureCard.swift in Sources */,
				4412A6AE29F9F212008533E2 /* ContentView.swift in Sources */,
				445DD4832A040D0700754ACA /* GraphCapsule.swift in Sources */,
				44880CFA2A00C952008D7A84 /* MapView.swift in Sources */,
				4412A6AC29F9F212008533E2 /* LandmarksApp.swift in Sources */,
				443DD9D22A0780D00041646B /* PageViewController.swift in Sources */,
				445DD48D2A04C1E000754ACA /* CategoryItem.swift in Sources */,
				443DD9D02A0780D00041646B /* PageView.swift in Sources */,
				445DD4852A040D0700754ACA /* HikeDetail.swift in Sources */,
				445DD4942A04CCDD00754ACA /* ProfileSummary.swift in Sources */,
				445DD46C2A02556500754ACA /* FavoriteButton.swift in Sources */,
				445DD4922A04CC7A00754ACA /* ProfileHost.swift in Sources */,
				445DD47D2A040C9100754ACA /* Hike.swift in Sources */,
				445DD4762A0404A900754ACA /* RotatedBadgeSymbol.swift in Sources */,
				445DD4982A04D22B00754ACA /* ProfileEditor.swift in Sources */,
				445DD4742A04040300754ACA /* BadgeSymbol.swift in Sources */,
				44C85B1B2A021A7000838A13 /* LandmarkList.swift in Sources */,
				445DD4862A040D0700754ACA /* HikeView.swift in Sources */,
				44C85B1D2A02275200838A13 /* LandmarkDetail.swift in Sources */,
				445DD4702A03FC2900754ACA /* BadgeBackground.swift in Sources */,
				44880CF829FFB57D008D7A84 /* CircleImage.swift in Sources */,
				44C85B132A00FCE800838A13 /* Landmark.swift in Sources */,
				44C85B192A014BF300838A13 /* LandmarkRow.swift in Sources */,
				44C85B152A01001900838A13 /* ModelData.swift in Sources */,
			);
			runOnlyForDeploymentPostprocessing = 0;
		};
		445DD4AC2A051AF200754ACA /* Sources */ = {
			isa = PBXSourcesBuildPhase;
			buildActionMask = 2147483647;
			files = (
				445DD4C92A051BE000754ACA /* Hike.swift in Sources */,
				445DD4CD2A051BE000754ACA /* Profile.swift in Sources */,
				445DD4CB2A051BE000754ACA /* CircleImage.swift in Sources */,
				445DD4CA2A051BE000754ACA /* LandmarksApp.swift in Sources */,
				445DD5032A05326E00754ACA /* LandmarkList.swift in Sources */,
				445DD4C52A051BE000754ACA /* LandmarkRow.swift in Sources */,
				445DD4C72A051BE000754ACA /* MapView.swift in Sources */,
				445DD4C82A051BE000754ACA /* ModelData.swift in Sources */,
				445DD4B52A051AF200754ACA /* ContentView.swift in Sources */,
				445DD4D52A051E5000754ACA /* NotificationController.swift in Sources */,
				445DD4C62A051BE000754ACA /* Landmark.swift in Sources */,
				445DD4D12A051C6400754ACA /* LandmarkDetail.swift in Sources */,
				445DD4D32A051DF700754ACA /* NotificationView.swift in Sources */,
			);
			runOnlyForDeploymentPostprocessing = 0;
		};
		445DD4D92A052B9500754ACA /* Sources */ = {
			isa = PBXSourcesBuildPhase;
			buildActionMask = 2147483647;
			files = (
				445DD4F52A052C3100754ACA /* Hike.swift in Sources */,
				445DD4F62A052C3100754ACA /* LandmarkList.swift in Sources */,
				445DD5012A0531A200754ACA /* LandmarkSettings.swift in Sources */,
				445DD4E22A052B9500754ACA /* ContentView.swift in Sources */,
				445DD4F32A052C3100754ACA /* CircleImage.swift in Sources */,
				445DD4FE2A05308800754ACA /* LandmarkCommands.swift in Sources */,
				445DD4FA2A052D8E00754ACA /* LandmarkDetail.swift in Sources */,
				445DD4F22A052C3100754ACA /* LandmarksApp.swift in Sources */,
				445DD4F12A052C3100754ACA /* MapView.swift in Sources */,
				445DD4EF2A052C3100754ACA /* Profile.swift in Sources */,
				445DD4EC2A052C3100754ACA /* ModelData.swift in Sources */,
				445DD4F02A052C3100754ACA /* FavoriteButton.swift in Sources */,
				445DD4ED2A052C3100754ACA /* Landmark.swift in Sources */,
				445DD4F42A052C3100754ACA /* LandmarkRow.swift in Sources */,
			);
			runOnlyForDeploymentPostprocessing = 0;
		};
/* End PBXSourcesBuildPhase section */

/* Begin PBXTargetDependency section */
		445DD4BC2A051AF300754ACA /* PBXTargetDependency */ = {
			isa = PBXTargetDependency;
			target = 445DD4AF2A051AF200754ACA /* WatchLandmarks Watch App */;
			targetProxy = 445DD4BB2A051AF300754ACA /* PBXContainerItemProxy */;
		};
/* End PBXTargetDependency section */

/* Begin XCBuildConfiguration section */
		4412A6B429F9F213008533E2 /* Debug */ = {
			isa = XCBuildConfiguration;
			buildSettings = {
				ALWAYS_SEARCH_USER_PATHS = NO;
				CLANG_ANALYZER_NONNULL = YES;
				CLANG_ANALYZER_NUMBER_OBJECT_CONVERSION = YES_AGGRESSIVE;
				CLANG_CXX_LANGUAGE_STANDARD = "gnu++20";
				CLANG_ENABLE_MODULES = YES;
				CLANG_ENABLE_OBJC_ARC = YES;
				CLANG_ENABLE_OBJC_WEAK = YES;
				CLANG_WARN_BLOCK_CAPTURE_AUTORELEASING = YES;
				CLANG_WARN_BOOL_CONVERSION = YES;
				CLANG_WARN_COMMA = YES;
				CLANG_WARN_CONSTANT_CONVERSION = YES;
				CLANG_WARN_DEPRECATED_OBJC_IMPLEMENTATIONS = YES;
				CLANG_WARN_DIRECT_OBJC_ISA_USAGE = YES_ERROR;
				CLANG_WARN_DOCUMENTATION_COMMENTS = YES;
				CLANG_WARN_EMPTY_BODY = YES;
				CLANG_WARN_ENUM_CONVERSION = YES;
				CLANG_WARN_INFINITE_RECURSION = YES;
				CLANG_WARN_INT_CONVERSION = YES;
				CLANG_WARN_NON_LITERAL_NULL_CONVERSION = YES;
				CLANG_WARN_OBJC_IMPLICIT_RETAIN_SELF = YES;
				CLANG_WARN_OBJC_LITERAL_CONVERSION = YES;
				CLANG_WARN_OBJC_ROOT_CLASS = YES_ERROR;
				CLANG_WARN_QUOTED_INCLUDE_IN_FRAMEWORK_HEADER = YES;
				CLANG_WARN_RANGE_LOOP_ANALYSIS = YES;
				CLANG_WARN_STRICT_PROTOTYPES = YES;
				CLANG_WARN_SUSPICIOUS_MOVE = YES;
				CLANG_WARN_UNGUARDED_AVAILABILITY = YES_AGGRESSIVE;
				CLANG_WARN_UNREACHABLE_CODE = YES;
				CLANG_WARN__DUPLICATE_METHOD_MATCH = YES;
				COPY_PHASE_STRIP = NO;
				DEBUG_INFORMATION_FORMAT = dwarf;
				ENABLE_STRICT_OBJC_MSGSEND = YES;
				ENABLE_TESTABILITY = YES;
				GCC_C_LANGUAGE_STANDARD = gnu11;
				GCC_DYNAMIC_NO_PIC = NO;
				GCC_NO_COMMON_BLOCKS = YES;
				GCC_OPTIMIZATION_LEVEL = 0;
				GCC_PREPROCESSOR_DEFINITIONS = (
					"DEBUG=1",
					"$(inherited)",
				);
				GCC_WARN_64_TO_32_BIT_CONVERSION = YES;
				GCC_WARN_ABOUT_RETURN_TYPE = YES_ERROR;
				GCC_WARN_UNDECLARED_SELECTOR = YES;
				GCC_WARN_UNINITIALIZED_AUTOS = YES_AGGRESSIVE;
				GCC_WARN_UNUSED_FUNCTION = YES;
				GCC_WARN_UNUSED_VARIABLE = YES;
				IPHONEOS_DEPLOYMENT_TARGET = 16.2;
				MTL_ENABLE_DEBUG_INFO = INCLUDE_SOURCE;
				MTL_FAST_MATH = YES;
				ONLY_ACTIVE_ARCH = YES;
				SDKROOT = iphoneos;
				SWIFT_ACTIVE_COMPILATION_CONDITIONS = DEBUG;
				SWIFT_OPTIMIZATION_LEVEL = "-Onone";
			};
			name = Debug;
		};
		4412A6B529F9F213008533E2 /* Release */ = {
			isa = XCBuildConfiguration;
			buildSettings = {
				ALWAYS_SEARCH_USER_PATHS = NO;
				CLANG_ANALYZER_NONNULL = YES;
				CLANG_ANALYZER_NUMBER_OBJECT_CONVERSION = YES_AGGRESSIVE;
				CLANG_CXX_LANGUAGE_STANDARD = "gnu++20";
				CLANG_ENABLE_MODULES = YES;
				CLANG_ENABLE_OBJC_ARC = YES;
				CLANG_ENABLE_OBJC_WEAK = YES;
				CLANG_WARN_BLOCK_CAPTURE_AUTORELEASING = YES;
				CLANG_WARN_BOOL_CONVERSION = YES;
				CLANG_WARN_COMMA = YES;
				CLANG_WARN_CONSTANT_CONVERSION = YES;
				CLANG_WARN_DEPRECATED_OBJC_IMPLEMENTATIONS = YES;
				CLANG_WARN_DIRECT_OBJC_ISA_USAGE = YES_ERROR;
				CLANG_WARN_DOCUMENTATION_COMMENTS = YES;
				CLANG_WARN_EMPTY_BODY = YES;
				CLANG_WARN_ENUM_CONVERSION = YES;
				CLANG_WARN_INFINITE_RECURSION = YES;
				CLANG_WARN_INT_CONVERSION = YES;
				CLANG_WARN_NON_LITERAL_NULL_CONVERSION = YES;
				CLANG_WARN_OBJC_IMPLICIT_RETAIN_SELF = YES;
				CLANG_WARN_OBJC_LITERAL_CONVERSION = YES;
				CLANG_WARN_OBJC_ROOT_CLASS = YES_ERROR;
				CLANG_WARN_QUOTED_INCLUDE_IN_FRAMEWORK_HEADER = YES;
				CLANG_WARN_RANGE_LOOP_ANALYSIS = YES;
				CLANG_WARN_STRICT_PROTOTYPES = YES;
				CLANG_WARN_SUSPICIOUS_MOVE = YES;
				CLANG_WARN_UNGUARDED_AVAILABILITY = YES_AGGRESSIVE;
				CLANG_WARN_UNREACHABLE_CODE = YES;
				CLANG_WARN__DUPLICATE_METHOD_MATCH = YES;
				COPY_PHASE_STRIP = NO;
				DEBUG_INFORMATION_FORMAT = "dwarf-with-dsym";
				ENABLE_NS_ASSERTIONS = NO;
				ENABLE_STRICT_OBJC_MSGSEND = YES;
				GCC_C_LANGUAGE_STANDARD = gnu11;
				GCC_NO_COMMON_BLOCKS = YES;
				GCC_WARN_64_TO_32_BIT_CONVERSION = YES;
				GCC_WARN_ABOUT_RETURN_TYPE = YES_ERROR;
				GCC_WARN_UNDECLARED_SELECTOR = YES;
				GCC_WARN_UNINITIALIZED_AUTOS = YES_AGGRESSIVE;
				GCC_WARN_UNUSED_FUNCTION = YES;
				GCC_WARN_UNUSED_VARIABLE = YES;
				IPHONEOS_DEPLOYMENT_TARGET = 16.2;
				MTL_ENABLE_DEBUG_INFO = NO;
				MTL_FAST_MATH = YES;
				SDKROOT = iphoneos;
				SWIFT_COMPILATION_MODE = wholemodule;
				SWIFT_OPTIMIZATION_LEVEL = "-O";
				VALIDATE_PRODUCT = YES;
			};
			name = Release;
		};
		4412A6B729F9F213008533E2 /* Debug */ = {
			isa = XCBuildConfiguration;
			buildSettings = {
				ALWAYS_EMBED_SWIFT_STANDARD_LIBRARIES = YES;
				ASSETCATALOG_COMPILER_APPICON_NAME = AppIcon;
				ASSETCATALOG_COMPILER_GLOBAL_ACCENT_COLOR_NAME = AccentColor;
				CODE_SIGN_STYLE = Automatic;
				CURRENT_PROJECT_VERSION = 1;
				DEVELOPMENT_ASSET_PATHS = "\"Landmarks/Preview Content\"";
				DEVELOPMENT_TEAM = G5RZ7AYRC2;
				ENABLE_PREVIEWS = YES;
				GENERATE_INFOPLIST_FILE = YES;
				INFOPLIST_KEY_UIApplicationSceneManifest_Generation = YES;
				INFOPLIST_KEY_UIApplicationSupportsIndirectInputEvents = YES;
				INFOPLIST_KEY_UILaunchScreen_Generation = YES;
				INFOPLIST_KEY_UISupportedInterfaceOrientations_iPad = "UIInterfaceOrientationPortrait UIInterfaceOrientationPortraitUpsideDown UIInterfaceOrientationLandscapeLeft UIInterfaceOrientationLandscapeRight";
				INFOPLIST_KEY_UISupportedInterfaceOrientations_iPhone = "UIInterfaceOrientationPortrait UIInterfaceOrientationLandscapeLeft UIInterfaceOrientationLandscapeRight";
				LD_RUNPATH_SEARCH_PATHS = (
					"$(inherited)",
					"@executable_path/Frameworks",
				);
				MARKETING_VERSION = 1.0;
				PRODUCT_BUNDLE_IDENTIFIER = developer.VIVI.Landmarks;
				PRODUCT_NAME = "$(TARGET_NAME)";
				SWIFT_EMIT_LOC_STRINGS = YES;
				SWIFT_VERSION = 5.0;
				TARGETED_DEVICE_FAMILY = "1,2";
			};
			name = Debug;
		};
		4412A6B829F9F213008533E2 /* Release */ = {
			isa = XCBuildConfiguration;
			buildSettings = {
				ALWAYS_EMBED_SWIFT_STANDARD_LIBRARIES = YES;
				ASSETCATALOG_COMPILER_APPICON_NAME = AppIcon;
				ASSETCATALOG_COMPILER_GLOBAL_ACCENT_COLOR_NAME = AccentColor;
				CODE_SIGN_STYLE = Automatic;
				CURRENT_PROJECT_VERSION = 1;
				DEVELOPMENT_ASSET_PATHS = "\"Landmarks/Preview Content\"";
				DEVELOPMENT_TEAM = G5RZ7AYRC2;
				ENABLE_PREVIEWS = YES;
				GENERATE_INFOPLIST_FILE = YES;
				INFOPLIST_KEY_UIApplicationSceneManifest_Generation = YES;
				INFOPLIST_KEY_UIApplicationSupportsIndirectInputEvents = YES;
				INFOPLIST_KEY_UILaunchScreen_Generation = YES;
				INFOPLIST_KEY_UISupportedInterfaceOrientations_iPad = "UIInterfaceOrientationPortrait UIInterfaceOrientationPortraitUpsideDown UIInterfaceOrientationLandscapeLeft UIInterfaceOrientationLandscapeRight";
				INFOPLIST_KEY_UISupportedInterfaceOrientations_iPhone = "UIInterfaceOrientationPortrait UIInterfaceOrientationLandscapeLeft UIInterfaceOrientationLandscapeRight";
				LD_RUNPATH_SEARCH_PATHS = (
					"$(inherited)",
					"@executable_path/Frameworks",
				);
				MARKETING_VERSION = 1.0;
				PRODUCT_BUNDLE_IDENTIFIER = developer.VIVI.Landmarks;
				PRODUCT_NAME = "$(TARGET_NAME)";
				SWIFT_EMIT_LOC_STRINGS = YES;
				SWIFT_VERSION = 5.0;
				TARGETED_DEVICE_FAMILY = "1,2";
			};
			name = Release;
		};
		445DD4BF2A051AF400754ACA /* Debug */ = {
			isa = XCBuildConfiguration;
			buildSettings = {
				ASSETCATALOG_COMPILER_APPICON_NAME = AppIcon;
				ASSETCATALOG_COMPILER_GLOBAL_ACCENT_COLOR_NAME = AccentColor;
				CODE_SIGN_STYLE = Automatic;
				CURRENT_PROJECT_VERSION = 1;
				DEVELOPMENT_ASSET_PATHS = "\"WatchLandmarks Watch App/Preview Content\"";
				DEVELOPMENT_TEAM = G5RZ7AYRC2;
				ENABLE_PREVIEWS = YES;
				GENERATE_INFOPLIST_FILE = YES;
				INFOPLIST_KEY_CFBundleDisplayName = WatchLandmarks;
				INFOPLIST_KEY_UISupportedInterfaceOrientations = "UIInterfaceOrientationPortrait UIInterfaceOrientationPortraitUpsideDown";
				INFOPLIST_KEY_WKCompanionAppBundleIdentifier = developer.VIVI.Landmarks;
				INFOPLIST_KEY_WKRunsIndependentlyOfCompanionApp = YES;
				LD_RUNPATH_SEARCH_PATHS = (
					"$(inherited)",
					"@executable_path/Frameworks",
				);
				MARKETING_VERSION = 1.0;
				PRODUCT_BUNDLE_IDENTIFIER = developer.VIVI.Landmarks.watchkitapp;
				PRODUCT_NAME = "$(TARGET_NAME)";
				SDKROOT = watchos;
				SKIP_INSTALL = YES;
				SWIFT_EMIT_LOC_STRINGS = YES;
				SWIFT_VERSION = 5.0;
				TARGETED_DEVICE_FAMILY = 4;
				WATCHOS_DEPLOYMENT_TARGET = 9.1;
			};
			name = Debug;
		};
		445DD4C02A051AF400754ACA /* Release */ = {
			isa = XCBuildConfiguration;
			buildSettings = {
				ASSETCATALOG_COMPILER_APPICON_NAME = AppIcon;
				ASSETCATALOG_COMPILER_GLOBAL_ACCENT_COLOR_NAME = AccentColor;
				CODE_SIGN_STYLE = Automatic;
				CURRENT_PROJECT_VERSION = 1;
				DEVELOPMENT_ASSET_PATHS = "\"WatchLandmarks Watch App/Preview Content\"";
				DEVELOPMENT_TEAM = G5RZ7AYRC2;
				ENABLE_PREVIEWS = YES;
				GENERATE_INFOPLIST_FILE = YES;
				INFOPLIST_KEY_CFBundleDisplayName = WatchLandmarks;
				INFOPLIST_KEY_UISupportedInterfaceOrientations = "UIInterfaceOrientationPortrait UIInterfaceOrientationPortraitUpsideDown";
				INFOPLIST_KEY_WKCompanionAppBundleIdentifier = developer.VIVI.Landmarks;
				INFOPLIST_KEY_WKRunsIndependentlyOfCompanionApp = YES;
				LD_RUNPATH_SEARCH_PATHS = (
					"$(inherited)",
					"@executable_path/Frameworks",
				);
				MARKETING_VERSION = 1.0;
				PRODUCT_BUNDLE_IDENTIFIER = developer.VIVI.Landmarks.watchkitapp;
				PRODUCT_NAME = "$(TARGET_NAME)";
				SDKROOT = watchos;
				SKIP_INSTALL = YES;
				SWIFT_EMIT_LOC_STRINGS = YES;
				SWIFT_VERSION = 5.0;
				TARGETED_DEVICE_FAMILY = 4;
				WATCHOS_DEPLOYMENT_TARGET = 9.1;
			};
			name = Release;
		};
		445DD4E92A052B9600754ACA /* Debug */ = {
			isa = XCBuildConfiguration;
			buildSettings = {
				ASSETCATALOG_COMPILER_APPICON_NAME = AppIcon;
				ASSETCATALOG_COMPILER_GLOBAL_ACCENT_COLOR_NAME = AccentColor;
				CODE_SIGN_ENTITLEMENTS = MacLandmarks/MacLandmarks.entitlements;
				CODE_SIGN_STYLE = Automatic;
				COMBINE_HIDPI_IMAGES = YES;
				CURRENT_PROJECT_VERSION = 1;
				DEVELOPMENT_ASSET_PATHS = "\"MacLandmarks/Preview Content\"";
				DEVELOPMENT_TEAM = G5RZ7AYRC2;
				ENABLE_HARDENED_RUNTIME = YES;
				ENABLE_PREVIEWS = YES;
				GENERATE_INFOPLIST_FILE = YES;
				INFOPLIST_KEY_NSHumanReadableCopyright = "";
				LD_RUNPATH_SEARCH_PATHS = (
					"$(inherited)",
					"@executable_path/../Frameworks",
				);
				MACOSX_DEPLOYMENT_TARGET = 13.3;
				MARKETING_VERSION = 1.0;
				PRODUCT_BUNDLE_IDENTIFIER = developer.VIVI.MacLandmarks;
				PRODUCT_NAME = "$(TARGET_NAME)";
				SDKROOT = macosx;
				SWIFT_EMIT_LOC_STRINGS = YES;
				SWIFT_VERSION = 5.0;
			};
			name = Debug;
		};
		445DD4EA2A052B9600754ACA /* Release */ = {
			isa = XCBuildConfiguration;
			buildSettings = {
				ASSETCATALOG_COMPILER_APPICON_NAME = AppIcon;
				ASSETCATALOG_COMPILER_GLOBAL_ACCENT_COLOR_NAME = AccentColor;
				CODE_SIGN_ENTITLEMENTS = MacLandmarks/MacLandmarks.entitlements;
				CODE_SIGN_STYLE = Automatic;
				COMBINE_HIDPI_IMAGES = YES;
				CURRENT_PROJECT_VERSION = 1;
				DEVELOPMENT_ASSET_PATHS = "\"MacLandmarks/Preview Content\"";
				DEVELOPMENT_TEAM = G5RZ7AYRC2;
				ENABLE_HARDENED_RUNTIME = YES;
				ENABLE_PREVIEWS = YES;
				GENERATE_INFOPLIST_FILE = YES;
				INFOPLIST_KEY_NSHumanReadableCopyright = "";
				LD_RUNPATH_SEARCH_PATHS = (
					"$(inherited)",
					"@executable_path/../Frameworks",
				);
				MACOSX_DEPLOYMENT_TARGET = 13.3;
				MARKETING_VERSION = 1.0;
				PRODUCT_BUNDLE_IDENTIFIER = developer.VIVI.MacLandmarks;
				PRODUCT_NAME = "$(TARGET_NAME)";
				SDKROOT = macosx;
				SWIFT_EMIT_LOC_STRINGS = YES;
				SWIFT_VERSION = 5.0;
			};
			name = Release;
		};
/* End XCBuildConfiguration section */

/* Begin XCConfigurationList section */
		4412A6A329F9F212008533E2 /* Build configuration list for PBXProject "Landmarks" */ = {
			isa = XCConfigurationList;
			buildConfigurations = (
				4412A6B429F9F213008533E2 /* Debug */,
				4412A6B529F9F213008533E2 /* Release */,
			);
			defaultConfigurationIsVisible = 0;
			defaultConfigurationName = Release;
		};
		4412A6B629F9F213008533E2 /* Build configuration list for PBXNativeTarget "Landmarks" */ = {
			isa = XCConfigurationList;
			buildConfigurations = (
				4412A6B729F9F213008533E2 /* Debug */,
				4412A6B829F9F213008533E2 /* Release */,
			);
			defaultConfigurationIsVisible = 0;
			defaultConfigurationName = Release;
		};
		445DD4C12A051AF400754ACA /* Build configuration list for PBXNativeTarget "WatchLandmarks Watch App" */ = {
			isa = XCConfigurationList;
			buildConfigurations = (
				445DD4BF2A051AF400754ACA /* Debug */,
				445DD4C02A051AF400754ACA /* Release */,
			);
			defaultConfigurationIsVisible = 0;
			defaultConfigurationName = Release;
		};
		445DD4EB2A052B9600754ACA /* Build configuration list for PBXNativeTarget "MacLandmarks" */ = {
			isa = XCConfigurationList;
			buildConfigurations = (
				445DD4E92A052B9600754ACA /* Debug */,
				445DD4EA2A052B9600754ACA /* Release */,
			);
			defaultConfigurationIsVisible = 0;
			defaultConfigurationName = Release;
		};
/* End XCConfigurationList section */
	};
	rootObject = 4412A6A029F9F212008533E2 /* Project object */;
}
