// !$*UTF8*$!
{
	archiveVersion = 1;
	classes = {
	};
	objectVersion = 56;
	objects = {

/* Begin PBXBuildFile section */
		4412A6AC29F9F212008533E2 /* LandmarksApp.swift in Sources */ = {isa = PBXBuildFile; fileRef = 4412A6AB29F9F212008533E2 /* LandmarksApp.swift */; };
		4412A6AE29F9F212008533E2 /* ContentView.swift in Sources */ = {isa = PBXBuildFile; fileRef = 4412A6AD29F9F212008533E2 /* ContentView.swift */; };
		4412A6B029F9F213008533E2 /* Assets.xcassets in Resources */ = {isa = PBXBuildFile; fileRef = 4412A6AF29F9F213008533E2 /* Assets.xcassets */; };
		4412A6B329F9F213008533E2 /* Preview Assets.xcassets in Resources */ = {isa = PBXBuildFile; fileRef = 4412A6B229F9F213008533E2 /* Preview Assets.xcassets */; };
		445DD46C2A02556500754ACA /* FavoriteButton.swift in Sources */ = {isa = PBXBuildFile; fileRef = 445DD46B2A02556500754ACA /* FavoriteButton.swift */; };
		445DD4702A03FC2900754ACA /* BadgeBackground.swift in Sources */ = {isa = PBXBuildFile; fileRef = 445DD46F2A03FC2900754ACA /* BadgeBackground.swift */; };
		445DD4722A03FFC400754ACA /* HexagonParameters.swift in Sources */ = {isa = PBXBuildFile; fileRef = 445DD4712A03FFC400754ACA /* HexagonParameters.swift */; };
		445DD4742A04040300754ACA /* BadgeSymbol.swift in Sources */ = {isa = PBXBuildFile; fileRef = 445DD4732A04040300754ACA /* BadgeSymbol.swift */; };
		445DD4762A0404A900754ACA /* RotatedBadgeSymbol.swift in Sources */ = {isa = PBXBuildFile; fileRef = 445DD4752A0404A900754ACA /* RotatedBadgeSymbol.swift */; };
		445DD4782A0405FF00754ACA /* Badge.swift in Sources */ = {isa = PBXBuildFile; fileRef = 445DD4772A0405FF00754ACA /* Badge.swift */; };
		44880CF829FFB57D008D7A84 /* CircleImage.swift in Sources */ = {isa = PBXBuildFile; fileRef = 44880CF729FFB57D008D7A84 /* CircleImage.swift */; };
		44880CFA2A00C952008D7A84 /* MapView.swift in Sources */ = {isa = PBXBuildFile; fileRef = 44880CF92A00C952008D7A84 /* MapView.swift */; };
		44C85B112A00FC9D00838A13 /* landmarkData.json in Resources */ = {isa = PBXBuildFile; fileRef = 44C85B102A00FC9D00838A13 /* landmarkData.json */; };
		44C85B132A00FCE800838A13 /* Landmark.swift in Sources */ = {isa = PBXBuildFile; fileRef = 44C85B122A00FCE800838A13 /* Landmark.swift */; };
		44C85B152A01001900838A13 /* ModelData.swift in Sources */ = {isa = PBXBuildFile; fileRef = 44C85B142A01001900838A13 /* ModelData.swift */; };
		44C85B192A014BF300838A13 /* LandmarkRow.swift in Sources */ = {isa = PBXBuildFile; fileRef = 44C85B182A014BF200838A13 /* LandmarkRow.swift */; };
		44C85B1B2A021A7000838A13 /* LandmarkList.swift in Sources */ = {isa = PBXBuildFile; fileRef = 44C85B1A2A021A7000838A13 /* LandmarkList.swift */; };
		44C85B1D2A02275200838A13 /* LandmarkDetail.swift in Sources */ = {isa = PBXBuildFile; fileRef = 44C85B1C2A02275200838A13 /* LandmarkDetail.swift */; };
/* End PBXBuildFile section */

/* Begin PBXFileReference section */
		4412A6A829F9F212008533E2 /* Landmarks.app */ = {isa = PBXFileReference; explicitFileType = wrapper.application; includeInIndex = 0; path = Landmarks.app; sourceTree = BUILT_PRODUCTS_DIR; };
		4412A6AB29F9F212008533E2 /* LandmarksApp.swift */ = {isa = PBXFileReference; lastKnownFileType = sourcecode.swift; path = LandmarksApp.swift; sourceTree = "<group>"; };
		4412A6AD29F9F212008533E2 /* ContentView.swift */ = {isa = PBXFileReference; lastKnownFileType = sourcecode.swift; path = ContentView.swift; sourceTree = "<group>"; };
		4412A6AF29F9F213008533E2 /* Assets.xcassets */ = {isa = PBXFileReference; lastKnownFileType = folder.assetcatalog; path = Assets.xcassets; sourceTree = "<group>"; };
		4412A6B229F9F213008533E2 /* Preview Assets.xcassets */ = {isa = PBXFileReference; lastKnownFileType = folder.assetcatalog; path = "Preview Assets.xcassets"; sourceTree = "<group>"; };
		445DD46B2A02556500754ACA /* FavoriteButton.swift */ = {isa = PBXFileReference; lastKnownFileType = sourcecode.swift; path = FavoriteButton.swift; sourceTree = "<group>"; };
		445DD46F2A03FC2900754ACA /* BadgeBackground.swift */ = {isa = PBXFileReference; lastKnownFileType = sourcecode.swift; path = BadgeBackground.swift; sourceTree = "<group>"; };
		445DD4712A03FFC400754ACA /* HexagonParameters.swift */ = {isa = PBXFileReference; lastKnownFileType = sourcecode.swift; path = HexagonParameters.swift; sourceTree = "<group>"; };
		445DD4732A04040300754ACA /* BadgeSymbol.swift */ = {isa = PBXFileReference; lastKnownFileType = sourcecode.swift; path = BadgeSymbol.swift; sourceTree = "<group>"; };
		445DD4752A0404A900754ACA /* RotatedBadgeSymbol.swift */ = {isa = PBXFileReference; lastKnownFileType = sourcecode.swift; path = RotatedBadgeSymbol.swift; sourceTree = "<group>"; };
		445DD4772A0405FF00754ACA /* Badge.swift */ = {isa = PBXFileReference; lastKnownFileType = sourcecode.swift; path = Badge.swift; sourceTree = "<group>"; };
		44880CF729FFB57D008D7A84 /* CircleImage.swift */ = {isa = PBXFileReference; lastKnownFileType = sourcecode.swift; path = CircleImage.swift; sourceTree = "<group>"; };
		44880CF92A00C952008D7A84 /* MapView.swift */ = {isa = PBXFileReference; lastKnownFileType = sourcecode.swift; path = MapView.swift; sourceTree = "<group>"; };
		44C85B102A00FC9D00838A13 /* landmarkData.json */ = {isa = PBXFileReference; fileEncoding = 4; lastKnownFileType = text.json; path = landmarkData.json; sourceTree = "<group>"; };
		44C85B122A00FCE800838A13 /* Landmark.swift */ = {isa = PBXFileReference; lastKnownFileType = sourcecode.swift; path = Landmark.swift; sourceTree = "<group>"; };
		44C85B142A01001900838A13 /* ModelData.swift */ = {isa = PBXFileReference; lastKnownFileType = sourcecode.swift; path = ModelData.swift; sourceTree = "<group>"; };
		44C85B182A014BF200838A13 /* LandmarkRow.swift */ = {isa = PBXFileReference; lastKnownFileType = sourcecode.swift; path = LandmarkRow.swift; sourceTree = "<group>"; };
		44C85B1A2A021A7000838A13 /* LandmarkList.swift */ = {isa = PBXFileReference; lastKnownFileType = sourcecode.swift; path = LandmarkList.swift; sourceTree = "<group>"; };
		44C85B1C2A02275200838A13 /* LandmarkDetail.swift */ = {isa = PBXFileReference; lastKnownFileType = sourcecode.swift; path = LandmarkDetail.swift; sourceTree = "<group>"; };
/* End PBXFileReference section */

/* Begin PBXFrameworksBuildPhase section */
		4412A6A529F9F212008533E2 /* Frameworks */ = {
			isa = PBXFrameworksBuildPhase;
			buildActionMask = 2147483647;
			files = (
			);
			runOnlyForDeploymentPostprocessing = 0;
		};
/* End PBXFrameworksBuildPhase section */

/* Begin PBXGroup section */
		4412A69F29F9F212008533E2 = {
			isa = PBXGroup;
			children = (
				4412A6AA29F9F212008533E2 /* Landmarks */,
				4412A6A929F9F212008533E2 /* Products */,
			);
			sourceTree = "<group>";
		};
		4412A6A929F9F212008533E2 /* Products */ = {
			isa = PBXGroup;
			children = (
				4412A6A829F9F212008533E2 /* Landmarks.app */,
			);
			name = Products;
			sourceTree = "<group>";
		};
		4412A6AA29F9F212008533E2 /* Landmarks */ = {
			isa = PBXGroup;
			children = (
				4412A6AB29F9F212008533E2 /* LandmarksApp.swift */,
				44C85B162A01028800838A13 /* Views */,
				44C85B172A01028F00838A13 /* Model */,
				44C85B0F2A00FC7D00838A13 /* Resources */,
				4412A6AF29F9F213008533E2 /* Assets.xcassets */,
				4412A6B129F9F213008533E2 /* Preview Content */,
			);
			path = Landmarks;
			sourceTree = "<group>";
		};
		4412A6B129F9F213008533E2 /* Preview Content */ = {
			isa = PBXGroup;
			children = (
				4412A6B229F9F213008533E2 /* Preview Assets.xcassets */,
			);
			path = "Preview Content";
			sourceTree = "<group>";
		};
		445DD46D2A02561800754ACA /* Landmarks */ = {
			isa = PBXGroup;
			children = (
				44C85B1A2A021A7000838A13 /* LandmarkList.swift */,
				44C85B182A014BF200838A13 /* LandmarkRow.swift */,
				44C85B1C2A02275200838A13 /* LandmarkDetail.swift */,
			);
			path = Landmarks;
			sourceTree = "<group>";
		};
		445DD46E2A02562F00754ACA /* Helpers */ = {
			isa = PBXGroup;
			children = (
				44880CF729FFB57D008D7A84 /* CircleImage.swift */,
				44880CF92A00C952008D7A84 /* MapView.swift */,
				445DD46B2A02556500754ACA /* FavoriteButton.swift */,
			);
			path = Helpers;
			sourceTree = "<group>";
		};
		445DD4792A0406B600754ACA /* Badges */ = {
			isa = PBXGroup;
			children = (
				445DD4772A0405FF00754ACA /* Badge.swift */,
				445DD46F2A03FC2900754ACA /* BadgeBackground.swift */,
				445DD4732A04040300754ACA /* BadgeSymbol.swift */,
				445DD4752A0404A900754ACA /* RotatedBadgeSymbol.swift */,
				445DD4712A03FFC400754ACA /* HexagonParameters.swift */,
			);
			path = Badges;
			sourceTree = "<group>";
		};
		44C85B0F2A00FC7D00838A13 /* Resources */ = {
			isa = PBXGroup;
			children = (
				44C85B102A00FC9D00838A13 /* landmarkData.json */,
			);
			path = Resources;
			sourceTree = "<group>";
		};
		44C85B162A01028800838A13 /* Views */ = {
			isa = PBXGroup;
			children = (
				4412A6AD29F9F212008533E2 /* ContentView.swift */,
				445DD46D2A02561800754ACA /* Landmarks */,
				445DD4792A0406B600754ACA /* Badges */,
				445DD46E2A02562F00754ACA /* Helpers */,
			);
			path = Views;
			sourceTree = "<group>";
		};
		44C85B172A01028F00838A13 /* Model */ = {
			isa = PBXGroup;
			children = (
				44C85B122A00FCE800838A13 /* Landmark.swift */,
				44C85B142A01001900838A13 /* ModelData.swift */,
			);
			path = Model;
			sourceTree = "<group>";
		};
/* End PBXGroup section */

/* Begin PBXNativeTarget section */
		4412A6A729F9F212008533E2 /* Landmarks */ = {
			isa = PBXNativeTarget;
			buildConfigurationList = 4412A6B629F9F213008533E2 /* Build configuration list for PBXNativeTarget "Landmarks" */;
			buildPhases = (
				4412A6A429F9F212008533E2 /* Sources */,
				4412A6A529F9F212008533E2 /* Frameworks */,
				4412A6A629F9F212008533E2 /* Resources */,
			);
			buildRules = (
			);
			dependencies = (
			);
			name = Landmarks;
			productName = Landmarks;
			productReference = 4412A6A829F9F212008533E2 /* Landmarks.app */;
			productType = "com.apple.product-type.application";
		};
/* End PBXNativeTarget section */

/* Begin PBXProject section */
		4412A6A029F9F212008533E2 /* Project object */ = {
			isa = PBXProject;
			attributes = {
				BuildIndependentTargetsInParallel = 1;
				LastSwiftUpdateCheck = 1420;
				LastUpgradeCheck = 1420;
				TargetAttributes = {
					4412A6A729F9F212008533E2 = {
						CreatedOnToolsVersion = 14.2;
					};
				};
			};
			buildConfigurationList = 4412A6A329F9F212008533E2 /* Build configuration list for PBXProject "Landmarks" */;
			compatibilityVersion = "Xcode 14.0";
			developmentRegion = en;
			hasScannedForEncodings = 0;
			knownRegions = (
				en,
				Base,
			);
			mainGroup = 4412A69F29F9F212008533E2;
			productRefGroup = 4412A6A929F9F212008533E2 /* Products */;
			projectDirPath = "";
			projectRoot = "";
			targets = (
				4412A6A729F9F212008533E2 /* Landmarks */,
			);
		};
/* End PBXProject section */

/* Begin PBXResourcesBuildPhase section */
		4412A6A629F9F212008533E2 /* Resources */ = {
			isa = PBXResourcesBuildPhase;
			buildActionMask = 2147483647;
			files = (
				4412A6B329F9F213008533E2 /* Preview Assets.xcassets in Resources */,
				4412A6B029F9F213008533E2 /* Assets.xcassets in Resources */,
				44C85B112A00FC9D00838A13 /* landmarkData.json in Resources */,
			);
			runOnlyForDeploymentPostprocessing = 0;
		};
/* End PBXResourcesBuildPhase section */

/* Begin PBXSourcesBuildPhase section */
		4412A6A429F9F212008533E2 /* Sources */ = {
			isa = PBXSourcesBuildPhase;
			buildActionMask = 2147483647;
			files = (
				445DD4722A03FFC400754ACA /* HexagonParameters.swift in Sources */,
				445DD4782A0405FF00754ACA /* Badge.swift in Sources */,
				4412A6AE29F9F212008533E2 /* ContentView.swift in Sources */,
				44880CFA2A00C952008D7A84 /* MapView.swift in Sources */,
				4412A6AC29F9F212008533E2 /* LandmarksApp.swift in Sources */,
				445DD46C2A02556500754ACA /* FavoriteButton.swift in Sources */,
				445DD4762A0404A900754ACA /* RotatedBadgeSymbol.swift in Sources */,
				445DD4742A04040300754ACA /* BadgeSymbol.swift in Sources */,
				44C85B1B2A021A7000838A13 /* LandmarkList.swift in Sources */,
				44C85B1D2A02275200838A13 /* LandmarkDetail.swift in Sources */,
				445DD4702A03FC2900754ACA /* BadgeBackground.swift in Sources */,
				44880CF829FFB57D008D7A84 /* CircleImage.swift in Sources */,
				44C85B132A00FCE800838A13 /* Landmark.swift in Sources */,
				44C85B192A014BF300838A13 /* LandmarkRow.swift in Sources */,
				44C85B152A01001900838A13 /* ModelData.swift in Sources */,
			);
			runOnlyForDeploymentPostprocessing = 0;
		};
/* End PBXSourcesBuildPhase section */

/* Begin XCBuildConfiguration section */
		4412A6B429F9F213008533E2 /* Debug */ = {
			isa = XCBuildConfiguration;
			buildSettings = {
				ALWAYS_SEARCH_USER_PATHS = NO;
				CLANG_ANALYZER_NONNULL = YES;
				CLANG_ANALYZER_NUMBER_OBJECT_CONVERSION = YES_AGGRESSIVE;
				CLANG_CXX_LANGUAGE_STANDARD = "gnu++20";
				CLANG_ENABLE_MODULES = YES;
				CLANG_ENABLE_OBJC_ARC = YES;
				CLANG_ENABLE_OBJC_WEAK = YES;
				CLANG_WARN_BLOCK_CAPTURE_AUTORELEASING = YES;
				CLANG_WARN_BOOL_CONVERSION = YES;
				CLANG_WARN_COMMA = YES;
				CLANG_WARN_CONSTANT_CONVERSION = YES;
				CLANG_WARN_DEPRECATED_OBJC_IMPLEMENTATIONS = YES;
				CLANG_WARN_DIRECT_OBJC_ISA_USAGE = YES_ERROR;
				CLANG_WARN_DOCUMENTATION_COMMENTS = YES;
				CLANG_WARN_EMPTY_BODY = YES;
				CLANG_WARN_ENUM_CONVERSION = YES;
				CLANG_WARN_INFINITE_RECURSION = YES;
				CLANG_WARN_INT_CONVERSION = YES;
				CLANG_WARN_NON_LITERAL_NULL_CONVERSION = YES;
				CLANG_WARN_OBJC_IMPLICIT_RETAIN_SELF = YES;
				CLANG_WARN_OBJC_LITERAL_CONVERSION = YES;
				CLANG_WARN_OBJC_ROOT_CLASS = YES_ERROR;
				CLANG_WARN_QUOTED_INCLUDE_IN_FRAMEWORK_HEADER = YES;
				CLANG_WARN_RANGE_LOOP_ANALYSIS = YES;
				CLANG_WARN_STRICT_PROTOTYPES = YES;
				CLANG_WARN_SUSPICIOUS_MOVE = YES;
				CLANG_WARN_UNGUARDED_AVAILABILITY = YES_AGGRESSIVE;
				CLANG_WARN_UNREACHABLE_CODE = YES;
				CLANG_WARN__DUPLICATE_METHOD_MATCH = YES;
				COPY_PHASE_STRIP = NO;
				DEBUG_INFORMATION_FORMAT = dwarf;
				ENABLE_STRICT_OBJC_MSGSEND = YES;
				ENABLE_TESTABILITY = YES;
				GCC_C_LANGUAGE_STANDARD = gnu11;
				GCC_DYNAMIC_NO_PIC = NO;
				GCC_NO_COMMON_BLOCKS = YES;
				GCC_OPTIMIZATION_LEVEL = 0;
				GCC_PREPROCESSOR_DEFINITIONS = (
					"DEBUG=1",
					"$(inherited)",
				);
				GCC_WARN_64_TO_32_BIT_CONVERSION = YES;
				GCC_WARN_ABOUT_RETURN_TYPE = YES_ERROR;
				GCC_WARN_UNDECLARED_SELECTOR = YES;
				GCC_WARN_UNINITIALIZED_AUTOS = YES_AGGRESSIVE;
				GCC_WARN_UNUSED_FUNCTION = YES;
				GCC_WARN_UNUSED_VARIABLE = YES;
				IPHONEOS_DEPLOYMENT_TARGET = 16.2;
				MTL_ENABLE_DEBUG_INFO = INCLUDE_SOURCE;
				MTL_FAST_MATH = YES;
				ONLY_ACTIVE_ARCH = YES;
				SDKROOT = iphoneos;
				SWIFT_ACTIVE_COMPILATION_CONDITIONS = DEBUG;
				SWIFT_OPTIMIZATION_LEVEL = "-Onone";
			};
			name = Debug;
		};
		4412A6B529F9F213008533E2 /* Release */ = {
			isa = XCBuildConfiguration;
			buildSettings = {
				ALWAYS_SEARCH_USER_PATHS = NO;
				CLANG_ANALYZER_NONNULL = YES;
				CLANG_ANALYZER_NUMBER_OBJECT_CONVERSION = YES_AGGRESSIVE;
				CLANG_CXX_LANGUAGE_STANDARD = "gnu++20";
				CLANG_ENABLE_MODULES = YES;
				CLANG_ENABLE_OBJC_ARC = YES;
				CLANG_ENABLE_OBJC_WEAK = YES;
				CLANG_WARN_BLOCK_CAPTURE_AUTORELEASING = YES;
				CLANG_WARN_BOOL_CONVERSION = YES;
				CLANG_WARN_COMMA = YES;
				CLANG_WARN_CONSTANT_CONVERSION = YES;
				CLANG_WARN_DEPRECATED_OBJC_IMPLEMENTATIONS = YES;
				CLANG_WARN_DIRECT_OBJC_ISA_USAGE = YES_ERROR;
				CLANG_WARN_DOCUMENTATION_COMMENTS = YES;
				CLANG_WARN_EMPTY_BODY = YES;
				CLANG_WARN_ENUM_CONVERSION = YES;
				CLANG_WARN_INFINITE_RECURSION = YES;
				CLANG_WARN_INT_CONVERSION = YES;
				CLANG_WARN_NON_LITERAL_NULL_CONVERSION = YES;
				CLANG_WARN_OBJC_IMPLICIT_RETAIN_SELF = YES;
				CLANG_WARN_OBJC_LITERAL_CONVERSION = YES;
				CLANG_WARN_OBJC_ROOT_CLASS = YES_ERROR;
				CLANG_WARN_QUOTED_INCLUDE_IN_FRAMEWORK_HEADER = YES;
				CLANG_WARN_RANGE_LOOP_ANALYSIS = YES;
				CLANG_WARN_STRICT_PROTOTYPES = YES;
				CLANG_WARN_SUSPICIOUS_MOVE = YES;
				CLANG_WARN_UNGUARDED_AVAILABILITY = YES_AGGRESSIVE;
				CLANG_WARN_UNREACHABLE_CODE = YES;
				CLANG_WARN__DUPLICATE_METHOD_MATCH = YES;
				COPY_PHASE_STRIP = NO;
				DEBUG_INFORMATION_FORMAT = "dwarf-with-dsym";
				ENABLE_NS_ASSERTIONS = NO;
				ENABLE_STRICT_OBJC_MSGSEND = YES;
				GCC_C_LANGUAGE_STANDARD = gnu11;
				GCC_NO_COMMON_BLOCKS = YES;
				GCC_WARN_64_TO_32_BIT_CONVERSION = YES;
				GCC_WARN_ABOUT_RETURN_TYPE = YES_ERROR;
				GCC_WARN_UNDECLARED_SELECTOR = YES;
				GCC_WARN_UNINITIALIZED_AUTOS = YES_AGGRESSIVE;
				GCC_WARN_UNUSED_FUNCTION = YES;
				GCC_WARN_UNUSED_VARIABLE = YES;
				IPHONEOS_DEPLOYMENT_TARGET = 16.2;
				MTL_ENABLE_DEBUG_INFO = NO;
				MTL_FAST_MATH = YES;
				SDKROOT = iphoneos;
				SWIFT_COMPILATION_MODE = wholemodule;
				SWIFT_OPTIMIZATION_LEVEL = "-O";
				VALIDATE_PRODUCT = YES;
			};
			name = Release;
		};
		4412A6B729F9F213008533E2 /* Debug */ = {
			isa = XCBuildConfiguration;
			buildSettings = {
				ASSETCATALOG_COMPILER_APPICON_NAME = AppIcon;
				ASSETCATALOG_COMPILER_GLOBAL_ACCENT_COLOR_NAME = AccentColor;
				CODE_SIGN_STYLE = Automatic;
				CURRENT_PROJECT_VERSION = 1;
				DEVELOPMENT_ASSET_PATHS = "\"Landmarks/Preview Content\"";
				DEVELOPMENT_TEAM = G5RZ7AYRC2;
				ENABLE_PREVIEWS = YES;
				GENERATE_INFOPLIST_FILE = YES;
				INFOPLIST_KEY_UIApplicationSceneManifest_Generation = YES;
				INFOPLIST_KEY_UIApplicationSupportsIndirectInputEvents = YES;
				INFOPLIST_KEY_UILaunchScreen_Generation = YES;
				INFOPLIST_KEY_UISupportedInterfaceOrientations_iPad = "UIInterfaceOrientationPortrait UIInterfaceOrientationPortraitUpsideDown UIInterfaceOrientationLandscapeLeft UIInterfaceOrientationLandscapeRight";
				INFOPLIST_KEY_UISupportedInterfaceOrientations_iPhone = "UIInterfaceOrientationPortrait UIInterfaceOrientationLandscapeLeft UIInterfaceOrientationLandscapeRight";
				LD_RUNPATH_SEARCH_PATHS = (
					"$(inherited)",
					"@executable_path/Frameworks",
				);
				MARKETING_VERSION = 1.0;
				PRODUCT_BUNDLE_IDENTIFIER = developer.VIVI.Landmarks;
				PRODUCT_NAME = "$(TARGET_NAME)";
				SWIFT_EMIT_LOC_STRINGS = YES;
				SWIFT_VERSION = 5.0;
				TARGETED_DEVICE_FAMILY = "1,2";
			};
			name = Debug;
		};
		4412A6B829F9F213008533E2 /* Release */ = {
			isa = XCBuildConfiguration;
			buildSettings = {
				ASSETCATALOG_COMPILER_APPICON_NAME = AppIcon;
				ASSETCATALOG_COMPILER_GLOBAL_ACCENT_COLOR_NAME = AccentColor;
				CODE_SIGN_STYLE = Automatic;
				CURRENT_PROJECT_VERSION = 1;
				DEVELOPMENT_ASSET_PATHS = "\"Landmarks/Preview Content\"";
				DEVELOPMENT_TEAM = G5RZ7AYRC2;
				ENABLE_PREVIEWS = YES;
				GENERATE_INFOPLIST_FILE = YES;
				INFOPLIST_KEY_UIApplicationSceneManifest_Generation = YES;
				INFOPLIST_KEY_UIApplicationSupportsIndirectInputEvents = YES;
				INFOPLIST_KEY_UILaunchScreen_Generation = YES;
				INFOPLIST_KEY_UISupportedInterfaceOrientations_iPad = "UIInterfaceOrientationPortrait UIInterfaceOrientationPortraitUpsideDown UIInterfaceOrientationLandscapeLeft UIInterfaceOrientationLandscapeRight";
				INFOPLIST_KEY_UISupportedInterfaceOrientations_iPhone = "UIInterfaceOrientationPortrait UIInterfaceOrientationLandscapeLeft UIInterfaceOrientationLandscapeRight";
				LD_RUNPATH_SEARCH_PATHS = (
					"$(inherited)",
					"@executable_path/Frameworks",
				);
				MARKETING_VERSION = 1.0;
				PRODUCT_BUNDLE_IDENTIFIER = developer.VIVI.Landmarks;
				PRODUCT_NAME = "$(TARGET_NAME)";
				SWIFT_EMIT_LOC_STRINGS = YES;
				SWIFT_VERSION = 5.0;
				TARGETED_DEVICE_FAMILY = "1,2";
			};
			name = Release;
		};
/* End XCBuildConfiguration section */

/* Begin XCConfigurationList section */
		4412A6A329F9F212008533E2 /* Build configuration list for PBXProject "Landmarks" */ = {
			isa = XCConfigurationList;
			buildConfigurations = (
				4412A6B429F9F213008533E2 /* Debug */,
				4412A6B529F9F213008533E2 /* Release */,
			);
			defaultConfigurationIsVisible = 0;
			defaultConfigurationName = Release;
		};
		4412A6B629F9F213008533E2 /* Build configuration list for PBXNativeTarget "Landmarks" */ = {
			isa = XCConfigurationList;
			buildConfigurations = (
				4412A6B729F9F213008533E2 /* Debug */,
				4412A6B829F9F213008533E2 /* Release */,
			);
			defaultConfigurationIsVisible = 0;
			defaultConfigurationName = Release;
		};
/* End XCConfigurationList section */
	};
	rootObject = 4412A6A029F9F212008533E2 /* Project object */;
}
